
Microsoft Visual Studio Solution File, Format Version 12.00
# Visual Studio Version 16
VisualStudioVersion = 16.0.32126.315
MinimumVisualStudioVersion = 10.0.40219.1
Project("{FAE04EC0-301F-11D3-BF4B-00C04F79EFBC}") = "CarHouse", "CarHouse\CarHouse.csproj", "{042BD8D0-2424-49F0-BB78-8BBF7A303DE6}"
EndProject
Project("{FAE04EC0-301F-11D3-BF4B-00C04F79EFBC}") = "Data", "Data\Data.csproj", "{53CBF155-5E6B-4BC5-8A54-F5C71928A626}"
EndProject
Project("{FAE04EC0-301F-11D3-BF4B-00C04F79EFBC}") = "Business", "Business\Business.csproj", "{DA84D4C9-1F73-4555-A53B-CD5A78D229D6}"
EndProject
Global
	GlobalSection(SolutionConfigurationPlatforms) = preSolution
		Debug|Any CPU = Debug|Any CPU
		Release|Any CPU = Release|Any CPU
	EndGlobalSection
	GlobalSection(ProjectConfigurationPlatforms) = postSolution
		{042BD8D0-2424-49F0-BB78-8BBF7A303DE6}.Debug|Any CPU.ActiveCfg = Debug|Any CPU
		{042BD8D0-2424-49F0-BB78-8BBF7A303DE6}.Debug|Any CPU.Build.0 = Debug|Any CPU
		{042BD8D0-2424-49F0-BB78-8BBF7A303DE6}.Release|Any CPU.ActiveCfg = Release|Any CPU
		{042BD8D0-2424-49F0-BB78-8BBF7A303DE6}.Release|Any CPU.Build.0 = Release|Any CPU
		{53CBF155-5E6B-4BC5-8A54-F5C71928A626}.Debug|Any CPU.ActiveCfg = Debug|Any CPU
		{53CBF155-5E6B-4BC5-8A54-F5C71928A626}.Debug|Any CPU.Build.0 = Debug|Any CPU
		{53CBF155-5E6B-4BC5-8A54-F5C71928A626}.Release|Any CPU.ActiveCfg = Release|Any CPU
		{53CBF155-5E6B-4BC5-8A54-F5C71928A626}.Release|Any CPU.Build.0 = Release|Any CPU
		{DA84D4C9-1F73-4555-A53B-CD5A78D229D6}.Debug|Any CPU.ActiveCfg = Debug|Any CPU
		{DA84D4C9-1F73-4555-A53B-CD5A78D229D6}.Debug|Any CPU.Build.0 = Debug|Any CPU
		{DA84D4C9-1F73-4555-A53B-CD5A78D229D6}.Release|Any CPU.ActiveCfg = Release|Any CPU
		{DA84D4C9-1F73-4555-A53B-CD5A78D229D6}.Release|Any CPU.Build.0 = Release|Any CPU
	EndGlobalSection
	GlobalSection(SolutionProperties) = preSolution
		HideSolutionNode = FALSE
	EndGlobalSection
	GlobalSection(ExtensibilityGlobals) = postSolution
		SolutionGuid = {55F06CB3-CAFE-4510-BC3C-08C86E329378}
	EndGlobalSection
EndGlobal
