
Microsoft Visual Studio Solution File, Format Version 12.00
# Visual Studio Version 16
VisualStudioVersion = 16.0.32126.315
MinimumVisualStudioVersion = 10.0.40219.1
Project("{9A19103F-16F7-4668-BE54-9A1E7A4F7556}") = "CarProject", "CarProject\CarProject.csproj", "{64E35CF7-0A75-4755-B0CE-F10EC5CF549C}"
EndProject
Global
	GlobalSection(SolutionConfigurationPlatforms) = preSolution
		Debug|Any CPU = Debug|Any CPU
		Release|Any CPU = Release|Any CPU
	EndGlobalSection
	GlobalSection(ProjectConfigurationPlatforms) = postSolution
		{64E35CF7-0A75-4755-B0CE-F10EC5CF549C}.Debug|Any CPU.ActiveCfg = Debug|Any CPU
		{64E35CF7-0A75-4755-B0CE-F10EC5CF549C}.Debug|Any CPU.Build.0 = Debug|Any CPU
		{64E35CF7-0A75-4755-B0CE-F10EC5CF549C}.Release|Any CPU.ActiveCfg = Release|Any CPU
		{64E35CF7-0A75-4755-B0CE-F10EC5CF549C}.Release|Any CPU.Build.0 = Release|Any CPU
	EndGlobalSection
	GlobalSection(SolutionProperties) = preSolution
		HideSolutionNode = FALSE
	EndGlobalSection
	GlobalSection(ExtensibilityGlobals) = postSolution
		SolutionGuid = {0F3BEA47-420A-49A9-AEF3-88D99D57E9E0}
	EndGlobalSection
EndGlobal
